
Microsoft Visual Studio Solution File, Format Version 12.00
# Visual Studio Version 17
VisualStudioVersion = 17.4.33015.44
MinimumVisualStudioVersion = 10.0.40219.1
Project("{9A19103F-16F7-4668-BE54-9A1E7A4F7556}") = "Ranges", "Ranges.csproj", "{5DBFBAE3-AEDE-4318-9024-C4AB1F743D50}"
EndProject
Global
	GlobalSection(SolutionConfigurationPlatforms) = preSolution
		Debug|Any CPU = Debug|Any CPU
		Release|Any CPU = Release|Any CPU
	EndGlobalSection
	GlobalSection(ProjectConfigurationPlatforms) = postSolution
		{5DBFBAE3-AEDE-4318-9024-C4AB1F743D50}.Debug|Any CPU.ActiveCfg = Debug|Any CPU
		{5DBFBAE3-AEDE-4318-9024-C4AB1F743D50}.Debug|Any CPU.Build.0 = Debug|Any CPU
		{5DBFBAE3-AEDE-4318-9024-C4AB1F743D50}.Release|Any CPU.ActiveCfg = Release|Any CPU
		{5DBFBAE3-AEDE-4318-9024-C4AB1F743D50}.Release|Any CPU.Build.0 = Release|Any CPU
	EndGlobalSection
	GlobalSection(SolutionProperties) = preSolution
		HideSolutionNode = FALSE
	EndGlobalSection
	GlobalSection(ExtensibilityGlobals) = postSolution
		SolutionGuid = {C7F66DBE-A6FF-4C33-BB8E-2F0E3BB410FA}
	EndGlobalSection
EndGlobal
